
Microsoft Visual Studio Solution File, Format Version 12.00
# Visual Studio Version 17
VisualStudioVersion = 17.11.35312.102
MinimumVisualStudioVersion = 10.0.40219.1
Project("{FAE04EC0-301F-11D3-BF4B-00C04F79EFBC}") = "LinneaAPI", "LinneaAPI\LinneaAPI.csproj", "{AFA2EC26-0AAD-4BAE-A271-C7BD79AC3E67}"
EndProject
Global
	GlobalSection(SolutionConfigurationPlatforms) = preSolution
		Debug|Any CPU = Debug|Any CPU
		Release|Any CPU = Release|Any CPU
	EndGlobalSection
	GlobalSection(ProjectConfigurationPlatforms) = postSolution
		{AFA2EC26-0AAD-4BAE-A271-C7BD79AC3E67}.Debug|Any CPU.ActiveCfg = Debug|Any CPU
		{AFA2EC26-0AAD-4BAE-A271-C7BD79AC3E67}.Debug|Any CPU.Build.0 = Debug|Any CPU
		{AFA2EC26-0AAD-4BAE-A271-C7BD79AC3E67}.Release|Any CPU.ActiveCfg = Release|Any CPU
		{AFA2EC26-0AAD-4BAE-A271-C7BD79AC3E67}.Release|Any CPU.Build.0 = Release|Any CPU
	EndGlobalSection
	GlobalSection(SolutionProperties) = preSolution
		HideSolutionNode = FALSE
	EndGlobalSection
	GlobalSection(ExtensibilityGlobals) = postSolution
		SolutionGuid = {2D1F99F0-083C-4541-BD6C-CE1BE13B0232}
	EndGlobalSection
EndGlobal
